
Microsoft Visual Studio Solution File, Format Version 12.00
# Visual Studio Version 17
VisualStudioVersion = 17.8.34511.84
MinimumVisualStudioVersion = 10.0.40219.1
Project("{FAE04EC0-301F-11D3-BF4B-00C04F79EFBC}") = "shoesShop", "shoesShop.csproj", "{47DC2DC6-7B7D-46F3-9475-FD78B5747AB8}"
EndProject
Global
	GlobalSection(SolutionConfigurationPlatforms) = preSolution
		Debug|Any CPU = Debug|Any CPU
		Release|Any CPU = Release|Any CPU
	EndGlobalSection
	GlobalSection(ProjectConfigurationPlatforms) = postSolution
		{47DC2DC6-7B7D-46F3-9475-FD78B5747AB8}.Debug|Any CPU.ActiveCfg = Debug|Any CPU
		{47DC2DC6-7B7D-46F3-9475-FD78B5747AB8}.Debug|Any CPU.Build.0 = Debug|Any CPU
		{47DC2DC6-7B7D-46F3-9475-FD78B5747AB8}.Release|Any CPU.ActiveCfg = Release|Any CPU
		{47DC2DC6-7B7D-46F3-9475-FD78B5747AB8}.Release|Any CPU.Build.0 = Release|Any CPU
	EndGlobalSection
	GlobalSection(SolutionProperties) = preSolution
		HideSolutionNode = FALSE
	EndGlobalSection
	GlobalSection(ExtensibilityGlobals) = postSolution
		SolutionGuid = {19DF8CDC-E74A-4BA3-BBE4-88B1E679446A}
	EndGlobalSection
EndGlobal
